%{
  "deps_nix": {:hex, :deps_nix, "2.6.2", "153a486fbfa76de007441060fdcdb38d533cc96b172c07ae5baff52dd2f21e82", [:mix], [{:ex_nar, "~> 0.3.0", [hex: :ex_nar, repo: "hexpm", optional: false]}, {:mint, "~> 1.0", [hex: :mint, repo: "hexpm", optional: false]}], "hexpm", "9be50588be3769e68e5311c3fd1afe1e3c58883264198ef55121370f2da2604b"},
  "elixir_make": {:hex, :elixir_make, "0.9.0", "6484b3cd8c0cee58f09f05ecaf1a140a8c97670671a6a0e7ab4dc326c3109726", [:mix], [], "hexpm", "db23d4fd8b757462ad02f8aa73431a426fe6671c80b200d9710caf3d1dd0ffdb"},
  "ex_nar": {:hex, :ex_nar, "0.3.0", "3136d019241afc97a5da8e43613a56ac0ae30dad12df5d3bc66547e55e7453e0", [:mix], [], "hexpm", "cbb42d047764feac6c411efddcadc31866e9a998dd6e2bc1eb428cec1c49fdcd"},
  "hidraw": {:hex, :hidraw, "0.2.2", "6c94b593313eefacf80c0cef14c09b430cb356328c977fdfc07a50261559b0dd", [:make, :mix], [{:elixir_make, "~> 0.6", [hex: :elixir_make, repo: "hexpm", optional: false]}], "hexpm", "71614c384576017034dff42f0bf50fe0bf58560478262fddd9345978591c2ebf"},
  "hpax": {:hex, :hpax, "1.0.3", "ed67ef51ad4df91e75cc6a1494f851850c0bd98ebc0be6e81b026e765ee535aa", [:mix], [], "hexpm", "8eab6e1cfa8d5918c2ce4ba43588e894af35dbd8e91e6e55c817bca5847df34a"},
  "mint": {:hex, :mint, "1.7.1", "113fdb2b2f3b59e47c7955971854641c61f378549d73e829e1768de90fc1abf1", [:mix], [{:castore, "~> 0.1.0 or ~> 1.0", [hex: :castore, repo: "hexpm", optional: true]}, {:hpax, "~> 0.1.1 or ~> 0.2.0 or ~> 1.0", [hex: :hpax, repo: "hexpm", optional: false]}], "hexpm", "fceba0a4d0f24301ddee3024ae116df1c3f4bb7a563a731f45fdfeb9d39a231b"},
}
